
Microsoft Visual Studio Solution File, Format Version 12.00
# Visual Studio Version 17
VisualStudioVersion = 17.5.33502.453
MinimumVisualStudioVersion = 10.0.40219.1
Project("{FAE04EC0-301F-11D3-BF4B-00C04F79EFBC}") = "TakeAway", "TakeAway\TakeAway.csproj", "{FDD1008B-E2BE-4AA4-8077-7067DAE59910}"
EndProject
Global
	GlobalSection(SolutionConfigurationPlatforms) = preSolution
		Debug|Any CPU = Debug|Any CPU
		Release|Any CPU = Release|Any CPU
	EndGlobalSection
	GlobalSection(ProjectConfigurationPlatforms) = postSolution
		{FDD1008B-E2BE-4AA4-8077-7067DAE59910}.Debug|Any CPU.ActiveCfg = Debug|Any CPU
		{FDD1008B-E2BE-4AA4-8077-7067DAE59910}.Debug|Any CPU.Build.0 = Debug|Any CPU
		{FDD1008B-E2BE-4AA4-8077-7067DAE59910}.Release|Any CPU.ActiveCfg = Release|Any CPU
		{FDD1008B-E2BE-4AA4-8077-7067DAE59910}.Release|Any CPU.Build.0 = Release|Any CPU
	EndGlobalSection
	GlobalSection(SolutionProperties) = preSolution
		HideSolutionNode = FALSE
	EndGlobalSection
	GlobalSection(ExtensibilityGlobals) = postSolution
		SolutionGuid = {0A19858E-1F70-462C-ACC7-FC17944822A8}
	EndGlobalSection
EndGlobal
